<?xml version="1.0" encoding="utf-8"?>
<Project ToolsVersion="4.0" xmlns="http://schemas.microsoft.com/developer/msbuild/2003">
  <ItemGroup>
    <Filter Include="Source Files">
      <UniqueIdentifier>{4FC737F1-C7A5-4376-A066-2A32D752A2FF}</UniqueIdentifier>
      <Extensions>cpp;c;cc;cxx;def;odl;idl;hpj;bat;asm;asmx</Extensions>
    </Filter>
    <Filter Include="Header Files">
      <UniqueIdentifier>{93995380-89BD-4b04-88EB-625FBE52EBFB}</UniqueIdentifier>
      <Extensions>h;hh;hpp;hxx;hm;inl;inc;xsd</Extensions>
    </Filter>
    <Filter Include="Resource Files">
      <UniqueIdentifier>{67DA6AB6-F800-4c08-8B7A-83BB121AAD01}</UniqueIdentifier>
      <Extensions>rc;ico;cur;bmp;dlg;rc2;rct;bin;rgs;gif;jpg;jpeg;jpe;resx;tiff;tif;png;wav;mfcribbon-ms</Extensions>
    </Filter>
    <Filter Include="Header Files\includes">
      <UniqueIdentifier>{5435c71e-01c2-4072-ac13-14bb1cf9986b}</UniqueIdentifier>
    </Filter>
    <Filter Include="Header Files\classes">
      <UniqueIdentifier>{56fd17cf-8dbc-4e47-8dd0-adfb00c56845}</UniqueIdentifier>
    </Filter>
    <Filter Include="Source Files\classes">
      <UniqueIdentifier>{a2c311d4-3d52-4700-a78c-d449834aeb2b}</UniqueIdentifier>
    </Filter>
  </ItemGroup>
  <ItemGroup>
    <ClInclude Include="stdafx.h">
      <Filter>Header Files</Filter>
    </ClInclude>
    <ClInclude Include="targetver.h">
      <Filter>Header Files</Filter>
    </ClInclude>
    <ClInclude Include="TokenManagerLibrary.h">
      <Filter>Header Files</Filter>
    </ClInclude>
    <ClInclude Include="cryptoki.h">
      <Filter>Header Files\includes</Filter>
    </ClInclude>
    <ClInclude Include="pkcs11.h">
      <Filter>Header Files\includes</Filter>
    </ClInclude>
    <ClInclude Include="pkcs11f.h">
      <Filter>Header Files\includes</Filter>
    </ClInclude>
    <ClInclude Include="pkcs11t.h">
      <Filter>Header Files\includes</Filter>
    </ClInclude>
    <ClInclude Include="PKCS11Library.h">
      <Filter>Header Files\classes</Filter>
    </ClInclude>
    <ClInclude Include="defined_tkn_mgr_header.h">
      <Filter>Header Files</Filter>
    </ClInclude>
    <ClInclude Include="TokenSlot.h">
      <Filter>Header Files\classes</Filter>
    </ClInclude>
    <ClInclude Include="TokenSession.h">
      <Filter>Header Files\classes</Filter>
    </ClInclude>
    <ClInclude Include="TokenManager.h">
      <Filter>Header Files\classes</Filter>
    </ClInclude>
    <ClInclude Include="TokenKey.h">
      <Filter>Header Files\classes</Filter>
    </ClInclude>
    <ClInclude Include="TokenObject.h">
      <Filter>Header Files\classes</Filter>
    </ClInclude>
    <ClInclude Include="ObjectCertificate.h">
      <Filter>Header Files\classes</Filter>
    </ClInclude>
  </ItemGroup>
  <ItemGroup>
    <ClCompile Include="stdafx.cpp">
      <Filter>Source Files</Filter>
    </ClCompile>
    <ClCompile Include="dllmain.cpp">
      <Filter>Source Files</Filter>
    </ClCompile>
    <ClCompile Include="TokenManager.cpp">
      <Filter>Source Files\classes</Filter>
    </ClCompile>
    <ClCompile Include="TokenSession.cpp">
      <Filter>Source Files\classes</Filter>
    </ClCompile>
    <ClCompile Include="TokenSlot.cpp">
      <Filter>Source Files\classes</Filter>
    </ClCompile>
    <ClCompile Include="PKCS11Library.cpp">
      <Filter>Source Files\classes</Filter>
    </ClCompile>
    <ClCompile Include="TokenKey.cpp">
      <Filter>Source Files\classes</Filter>
    </ClCompile>
    <ClCompile Include="TokenObject.cpp">
      <Filter>Source Files\classes</Filter>
    </ClCompile>
    <ClCompile Include="ObjectCertificate.cpp">
      <Filter>Source Files\classes</Filter>
    </ClCompile>
  </ItemGroup>
</Project>